// !$*UTF8*$!
{
	archiveVersion = 1;
	classes = {
	};
	objectVersion = 46;
	objects = {

/* Begin PBXBuildFile section */
		782C78601B5EB2E20081024C /* AppDelegate.swift in Sources */ = {isa = PBXBuildFile; fileRef = 782C785F1B5EB2E20081024C /* AppDelegate.swift */; };
		782C78621B5EB2E20081024C /* ViewController.swift in Sources */ = {isa = PBXBuildFile; fileRef = 782C78611B5EB2E20081024C /* ViewController.swift */; };
		782C78651B5EB2E20081024C /* Main.storyboard in Resources */ = {isa = PBXBuildFile; fileRef = 782C78631B5EB2E20081024C /* Main.storyboard */; };
		782C78671B5EB2E20081024C /* Images.xcassets in Resources */ = {isa = PBXBuildFile; fileRef = 782C78661B5EB2E20081024C /* Images.xcassets */; };
		782C786A1B5EB2E20081024C /* LaunchScreen.xib in Resources */ = {isa = PBXBuildFile; fileRef = 782C78681B5EB2E20081024C /* LaunchScreen.xib */; };
		782C78761B5EB2E20081024C /* ImageDownloadingTests.swift in Sources */ = {isa = PBXBuildFile; fileRef = 782C78751B5EB2E20081024C /* ImageDownloadingTests.swift */; };
/* End PBXBuildFile section */

/* Begin PBXContainerItemProxy section */
		782C78701B5EB2E20081024C /* PBXContainerItemProxy */ = {
			isa = PBXContainerItemProxy;
			containerPortal = 782C78521B5EB2E20081024C /* Project object */;
			proxyType = 1;
			remoteGlobalIDString = 782C78591B5EB2E20081024C;
			remoteInfo = ImageDownloading;
		};
/* End PBXContainerItemProxy section */

/* Begin PBXFileReference section */
		782C785A1B5EB2E20081024C /* ImageDownloading.app */ = {isa = PBXFileReference; explicitFileType = wrapper.application; includeInIndex = 0; path = ImageDownloading.app; sourceTree = BUILT_PRODUCTS_DIR; };
		782C785E1B5EB2E20081024C /* Info.plist */ = {isa = PBXFileReference; lastKnownFileType = text.plist.xml; path = Info.plist; sourceTree = "<group>"; };
		782C785F1B5EB2E20081024C /* AppDelegate.swift */ = {isa = PBXFileReference; lastKnownFileType = sourcecode.swift; path = AppDelegate.swift; sourceTree = "<group>"; };
		782C78611B5EB2E20081024C /* ViewController.swift */ = {isa = PBXFileReference; lastKnownFileType = sourcecode.swift; path = ViewController.swift; sourceTree = "<group>"; };
		782C78641B5EB2E20081024C /* Base */ = {isa = PBXFileReference; lastKnownFileType = file.storyboard; name = Base; path = Base.lproj/Main.storyboard; sourceTree = "<group>"; };
		782C78661B5EB2E20081024C /* Images.xcassets */ = {isa = PBXFileReference; lastKnownFileType = folder.assetcatalog; path = Images.xcassets; sourceTree = "<group>"; };
		782C78691B5EB2E20081024C /* Base */ = {isa = PBXFileReference; lastKnownFileType = file.xib; name = Base; path = Base.lproj/LaunchScreen.xib; sourceTree = "<group>"; };
		782C786F1B5EB2E20081024C /* ImageDownloadingTests.xctest */ = {isa = PBXFileReference; explicitFileType = wrapper.cfbundle; includeInIndex = 0; path = ImageDownloadingTests.xctest; sourceTree = BUILT_PRODUCTS_DIR; };
		782C78741B5EB2E20081024C /* Info.plist */ = {isa = PBXFileReference; lastKnownFileType = text.plist.xml; path = Info.plist; sourceTree = "<group>"; };
		782C78751B5EB2E20081024C /* ImageDownloadingTests.swift */ = {isa = PBXFileReference; lastKnownFileType = sourcecode.swift; path = ImageDownloadingTests.swift; sourceTree = "<group>"; };
/* End PBXFileReference section */

/* Begin PBXFrameworksBuildPhase section */
		782C78571B5EB2E20081024C /* Frameworks */ = {
			isa = PBXFrameworksBuildPhase;
			buildActionMask = 2147483647;
			files = (
			);
			runOnlyForDeploymentPostprocessing = 0;
		};
		782C786C1B5EB2E20081024C /* Frameworks */ = {
			isa = PBXFrameworksBuildPhase;
			buildActionMask = 2147483647;
			files = (
			);
			runOnlyForDeploymentPostprocessing = 0;
		};
/* End PBXFrameworksBuildPhase section */

/* Begin PBXGroup section */
		782C78511B5EB2E20081024C = {
			isa = PBXGroup;
			children = (
				782C785C1B5EB2E20081024C /* ImageDownloading */,
				782C78721B5EB2E20081024C /* ImageDownloadingTests */,
				782C785B1B5EB2E20081024C /* Products */,
			);
			sourceTree = "<group>";
		};
		782C785B1B5EB2E20081024C /* Products */ = {
			isa = PBXGroup;
			children = (
				782C785A1B5EB2E20081024C /* ImageDownloading.app */,
				782C786F1B5EB2E20081024C /* ImageDownloadingTests.xctest */,
			);
			name = Products;
			sourceTree = "<group>";
		};
		782C785C1B5EB2E20081024C /* ImageDownloading */ = {
			isa = PBXGroup;
			children = (
				782C785F1B5EB2E20081024C /* AppDelegate.swift */,
				782C78611B5EB2E20081024C /* ViewController.swift */,
				782C78631B5EB2E20081024C /* Main.storyboard */,
				782C78661B5EB2E20081024C /* Images.xcassets */,
				782C78681B5EB2E20081024C /* LaunchScreen.xib */,
				782C785D1B5EB2E20081024C /* Supporting Files */,
			);
			path = ImageDownloading;
			sourceTree = "<group>";
		};
		782C785D1B5EB2E20081024C /* Supporting Files */ = {
			isa = PBXGroup;
			children = (
				782C785E1B5EB2E20081024C /* Info.plist */,
			);
			name = "Supporting Files";
			sourceTree = "<group>";
		};
		782C78721B5EB2E20081024C /* ImageDownloadingTests */ = {
			isa = PBXGroup;
			children = (
				782C78751B5EB2E20081024C /* ImageDownloadingTests.swift */,
				782C78731B5EB2E20081024C /* Supporting Files */,
			);
			path = ImageDownloadingTests;
			sourceTree = "<group>";
		};
		782C78731B5EB2E20081024C /* Supporting Files */ = {
			isa = PBXGroup;
			children = (
				782C78741B5EB2E20081024C /* Info.plist */,
			);
			name = "Supporting Files";
			sourceTree = "<group>";
		};
/* End PBXGroup section */

/* Begin PBXNativeTarget section */
		782C78591B5EB2E20081024C /* ImageDownloading */ = {
			isa = PBXNativeTarget;
			buildConfigurationList = 782C78791B5EB2E20081024C /* Build configuration list for PBXNativeTarget "ImageDownloading" */;
			buildPhases = (
				782C78561B5EB2E20081024C /* Sources */,
				782C78571B5EB2E20081024C /* Frameworks */,
				782C78581B5EB2E20081024C /* Resources */,
			);
			buildRules = (
			);
			dependencies = (
			);
			name = ImageDownloading;
			productName = ImageDownloading;
			productReference = 782C785A1B5EB2E20081024C /* ImageDownloading.app */;
			productType = "com.apple.product-type.application";
		};
		782C786E1B5EB2E20081024C /* ImageDownloadingTests */ = {
			isa = PBXNativeTarget;
			buildConfigurationList = 782C787C1B5EB2E20081024C /* Build configuration list for PBXNativeTarget "ImageDownloadingTests" */;
			buildPhases = (
				782C786B1B5EB2E20081024C /* Sources */,
				782C786C1B5EB2E20081024C /* Frameworks */,
				782C786D1B5EB2E20081024C /* Resources */,
			);
			buildRules = (
			);
			dependencies = (
				782C78711B5EB2E20081024C /* PBXTargetDependency */,
			);
			name = ImageDownloadingTests;
			productName = ImageDownloadingTests;
			productReference = 782C786F1B5EB2E20081024C /* ImageDownloadingTests.xctest */;
			productType = "com.apple.product-type.bundle.unit-test";
		};
/* End PBXNativeTarget section */

/* Begin PBXProject section */
		782C78521B5EB2E20081024C /* Project object */ = {
			isa = PBXProject;
			attributes = {
				LastUpgradeCheck = 0640;
				ORGANIZATIONNAME = "Isaac Overacker";
				TargetAttributes = {
					782C78591B5EB2E20081024C = {
						CreatedOnToolsVersion = 6.4;
					};
					782C786E1B5EB2E20081024C = {
						CreatedOnToolsVersion = 6.4;
						TestTargetID = 782C78591B5EB2E20081024C;
					};
				};
			};
			buildConfigurationList = 782C78551B5EB2E20081024C /* Build configuration list for PBXProject "ImageDownloading" */;
			compatibilityVersion = "Xcode 3.2";
			developmentRegion = English;
			hasScannedForEncodings = 0;
			knownRegions = (
				en,
				Base,
			);
			mainGroup = 782C78511B5EB2E20081024C;
			productRefGroup = 782C785B1B5EB2E20081024C /* Products */;
			projectDirPath = "";
			projectRoot = "";
			targets = (
				782C78591B5EB2E20081024C /* ImageDownloading */,
				782C786E1B5EB2E20081024C /* ImageDownloadingTests */,
			);
		};
/* End PBXProject section */

/* Begin PBXResourcesBuildPhase section */
		782C78581B5EB2E20081024C /* Resources */ = {
			isa = PBXResourcesBuildPhase;
			buildActionMask = 2147483647;
			files = (
				782C78651B5EB2E20081024C /* Main.storyboard in Resources */,
				782C786A1B5EB2E20081024C /* LaunchScreen.xib in Resources */,
				782C78671B5EB2E20081024C /* Images.xcassets in Resources */,
			);
			runOnlyForDeploymentPostprocessing = 0;
		};
		782C786D1B5EB2E20081024C /* Resources */ = {
			isa = PBXResourcesBuildPhase;
			buildActionMask = 2147483647;
			files = (
			);
			runOnlyForDeploymentPostprocessing = 0;
		};
/* End PBXResourcesBuildPhase section */

/* Begin PBXSourcesBuildPhase section */
		782C78561B5EB2E20081024C /* Sources */ = {
			isa = PBXSourcesBuildPhase;
			buildActionMask = 2147483647;
			files = (
				782C78621B5EB2E20081024C /* ViewController.swift in Sources */,
				782C78601B5EB2E20081024C /* AppDelegate.swift in Sources */,
			);
			runOnlyForDeploymentPostprocessing = 0;
		};
		782C786B1B5EB2E20081024C /* Sources */ = {
			isa = PBXSourcesBuildPhase;
			buildActionMask = 2147483647;
			files = (
				782C78761B5EB2E20081024C /* ImageDownloadingTests.swift in Sources */,
			);
			runOnlyForDeploymentPostprocessing = 0;
		};
/* End PBXSourcesBuildPhase section */

/* Begin PBXTargetDependency section */
		782C78711B5EB2E20081024C /* PBXTargetDependency */ = {
			isa = PBXTargetDependency;
			target = 782C78591B5EB2E20081024C /* ImageDownloading */;
			targetProxy = 782C78701B5EB2E20081024C /* PBXContainerItemProxy */;
		};
/* End PBXTargetDependency section */

/* Begin PBXVariantGroup section */
		782C78631B5EB2E20081024C /* Main.storyboard */ = {
			isa = PBXVariantGroup;
			children = (
				782C78641B5EB2E20081024C /* Base */,
			);
			name = Main.storyboard;
			sourceTree = "<group>";
		};
		782C78681B5EB2E20081024C /* LaunchScreen.xib */ = {
			isa = PBXVariantGroup;
			children = (
				782C78691B5EB2E20081024C /* Base */,
			);
			name = LaunchScreen.xib;
			sourceTree = "<group>";
		};
/* End PBXVariantGroup section */

/* Begin XCBuildConfiguration section */
		782C78771B5EB2E20081024C /* Debug */ = {
			isa = XCBuildConfiguration;
			buildSettings = {
				ALWAYS_SEARCH_USER_PATHS = NO;
				CLANG_CXX_LANGUAGE_STANDARD = "gnu++0x";
				CLANG_CXX_LIBRARY = "libc++";
				CLANG_ENABLE_MODULES = YES;
				CLANG_ENABLE_OBJC_ARC = YES;
				CLANG_WARN_BOOL_CONVERSION = YES;
				CLANG_WARN_CONSTANT_CONVERSION = YES;
				CLANG_WARN_DIRECT_OBJC_ISA_USAGE = YES_ERROR;
				CLANG_WARN_EMPTY_BODY = YES;
				CLANG_WARN_ENUM_CONVERSION = YES;
				CLANG_WARN_INT_CONVERSION = YES;
				CLANG_WARN_OBJC_ROOT_CLASS = YES_ERROR;
				CLANG_WARN_UNREACHABLE_CODE = YES;
				CLANG_WARN__DUPLICATE_METHOD_MATCH = YES;
				"CODE_SIGN_IDENTITY[sdk=iphoneos*]" = "iPhone Developer";
				COPY_PHASE_STRIP = NO;
				DEBUG_INFORMATION_FORMAT = "dwarf-with-dsym";
				ENABLE_STRICT_OBJC_MSGSEND = YES;
				GCC_C_LANGUAGE_STANDARD = gnu99;
				GCC_DYNAMIC_NO_PIC = NO;
				GCC_NO_COMMON_BLOCKS = YES;
				GCC_OPTIMIZATION_LEVEL = 0;
				GCC_PREPROCESSOR_DEFINITIONS = (
					"DEBUG=1",
					"$(inherited)",
				);
				GCC_SYMBOLS_PRIVATE_EXTERN = NO;
				GCC_WARN_64_TO_32_BIT_CONVERSION = YES;
				GCC_WARN_ABOUT_RETURN_TYPE = YES_ERROR;
				GCC_WARN_UNDECLARED_SELECTOR = YES;
				GCC_WARN_UNINITIALIZED_AUTOS = YES_AGGRESSIVE;
				GCC_WARN_UNUSED_FUNCTION = YES;
				GCC_WARN_UNUSED_VARIABLE = YES;
				IPHONEOS_DEPLOYMENT_TARGET = 8.4;
				MTL_ENABLE_DEBUG_INFO = YES;
				ONLY_ACTIVE_ARCH = YES;
				SDKROOT = iphoneos;
				SWIFT_OPTIMIZATION_LEVEL = "-Onone";
			};
			name = Debug;
		};
		782C78781B5EB2E20081024C /* Release */ = {
			isa = XCBuildConfiguration;
			buildSettings = {
				ALWAYS_SEARCH_USER_PATHS = NO;
				CLANG_CXX_LANGUAGE_STANDARD = "gnu++0x";
				CLANG_CXX_LIBRARY = "libc++";
				CLANG_ENABLE_MODULES = YES;
				CLANG_ENABLE_OBJC_ARC = YES;
				CLANG_WARN_BOOL_CONVERSION = YES;
				CLANG_WARN_CONSTANT_CONVERSION = YES;
				CLANG_WARN_DIRECT_OBJC_ISA_USAGE = YES_ERROR;
				CLANG_WARN_EMPTY_BODY = YES;
				CLANG_WARN_ENUM_CONVERSION = YES;
				CLANG_WARN_INT_CONVERSION = YES;
				CLANG_WARN_OBJC_ROOT_CLASS = YES_ERROR;
				CLANG_WARN_UNREACHABLE_CODE = YES;
				CLANG_WARN__DUPLICATE_METHOD_MATCH = YES;
				"CODE_SIGN_IDENTITY[sdk=iphoneos*]" = "iPhone Developer";
				COPY_PHASE_STRIP = NO;
				DEBUG_INFORMATION_FORMAT = "dwarf-with-dsym";
				ENABLE_NS_ASSERTIONS = NO;
				ENABLE_STRICT_OBJC_MSGSEND = YES;
				GCC_C_LANGUAGE_STANDARD = gnu99;
				GCC_NO_COMMON_BLOCKS = YES;
				GCC_WARN_64_TO_32_BIT_CONVERSION = YES;
				GCC_WARN_ABOUT_RETURN_TYPE = YES_ERROR;
				GCC_WARN_UNDECLARED_SELECTOR = YES;
				GCC_WARN_UNINITIALIZED_AUTOS = YES_AGGRESSIVE;
				GCC_WARN_UNUSED_FUNCTION = YES;
				GCC_WARN_UNUSED_VARIABLE = YES;
				IPHONEOS_DEPLOYMENT_TARGET = 8.4;
				MTL_ENABLE_DEBUG_INFO = NO;
				SDKROOT = iphoneos;
				VALIDATE_PRODUCT = YES;
			};
			name = Release;
		};
		782C787A1B5EB2E20081024C /* Debug */ = {
			isa = XCBuildConfiguration;
			buildSettings = {
				ASSETCATALOG_COMPILER_APPICON_NAME = AppIcon;
				INFOPLIST_FILE = ImageDownloading/Info.plist;
				LD_RUNPATH_SEARCH_PATHS = "$(inherited) @executable_path/Frameworks";
				PRODUCT_NAME = "$(TARGET_NAME)";
			};
			name = Debug;
		};
		782C787B1B5EB2E20081024C /* Release */ = {
			isa = XCBuildConfiguration;
			buildSettings = {
				ASSETCATALOG_COMPILER_APPICON_NAME = AppIcon;
				INFOPLIST_FILE = ImageDownloading/Info.plist;
				LD_RUNPATH_SEARCH_PATHS = "$(inherited) @executable_path/Frameworks";
				PRODUCT_NAME = "$(TARGET_NAME)";
			};
			name = Release;
		};
		782C787D1B5EB2E20081024C /* Debug */ = {
			isa = XCBuildConfiguration;
			buildSettings = {
				BUNDLE_LOADER = "$(TEST_HOST)";
				FRAMEWORK_SEARCH_PATHS = (
					"$(SDKROOT)/Developer/Library/Frameworks",
					"$(inherited)",
				);
				GCC_PREPROCESSOR_DEFINITIONS = (
					"DEBUG=1",
					"$(inherited)",
				);
				INFOPLIST_FILE = ImageDownloadingTests/Info.plist;
				LD_RUNPATH_SEARCH_PATHS = "$(inherited) @executable_path/Frameworks @loader_path/Frameworks";
				PRODUCT_NAME = "$(TARGET_NAME)";
				TEST_HOST = "$(BUILT_PRODUCTS_DIR)/ImageDownloading.app/ImageDownloading";
			};
			name = Debug;
		};
		782C787E1B5EB2E20081024C /* Release */ = {
			isa = XCBuildConfiguration;
			buildSettings = {
				BUNDLE_LOADER = "$(TEST_HOST)";
				FRAMEWORK_SEARCH_PATHS = (
					"$(SDKROOT)/Developer/Library/Frameworks",
					"$(inherited)",
				);
				INFOPLIST_FILE = ImageDownloadingTests/Info.plist;
				LD_RUNPATH_SEARCH_PATHS = "$(inherited) @executable_path/Frameworks @loader_path/Frameworks";
				PRODUCT_NAME = "$(TARGET_NAME)";
				TEST_HOST = "$(BUILT_PRODUCTS_DIR)/ImageDownloading.app/ImageDownloading";
			};
			name = Release;
		};
/* End XCBuildConfiguration section */

/* Begin XCConfigurationList section */
		782C78551B5EB2E20081024C /* Build configuration list for PBXProject "ImageDownloading" */ = {
			isa = XCConfigurationList;
			buildConfigurations = (
				782C78771B5EB2E20081024C /* Debug */,
				782C78781B5EB2E20081024C /* Release */,
			);
			defaultConfigurationIsVisible = 0;
			defaultConfigurationName = Release;
		};
		782C78791B5EB2E20081024C /* Build configuration list for PBXNativeTarget "ImageDownloading" */ = {
			isa = XCConfigurationList;
			buildConfigurations = (
				782C787A1B5EB2E20081024C /* Debug */,
				782C787B1B5EB2E20081024C /* Release */,
			);
			defaultConfigurationIsVisible = 0;
		};
		782C787C1B5EB2E20081024C /* Build configuration list for PBXNativeTarget "ImageDownloadingTests" */ = {
			isa = XCConfigurationList;
			buildConfigurations = (
				782C787D1B5EB2E20081024C /* Debug */,
				782C787E1B5EB2E20081024C /* Release */,
			);
			defaultConfigurationIsVisible = 0;
		};
/* End XCConfigurationList section */
	};
	rootObject = 782C78521B5EB2E20081024C /* Project object */;
}
