// !$*UTF8*$!
{
	archiveVersion = 1;
	classes = {
	};
	objectVersion = 46;
	objects = {

/* Begin PBXBuildFile section */
		782C78BC1B5EC99B0081024C /* AppDelegate.swift in Sources */ = {isa = PBXBuildFile; fileRef = 782C78BB1B5EC99B0081024C /* AppDelegate.swift */; };
		782C78BE1B5EC99B0081024C /* ViewController.swift in Sources */ = {isa = PBXBuildFile; fileRef = 782C78BD1B5EC99B0081024C /* ViewController.swift */; };
		782C78C11B5EC99B0081024C /* Main.storyboard in Resources */ = {isa = PBXBuildFile; fileRef = 782C78BF1B5EC99B0081024C /* Main.storyboard */; };
		782C78C31B5EC99B0081024C /* Images.xcassets in Resources */ = {isa = PBXBuildFile; fileRef = 782C78C21B5EC99B0081024C /* Images.xcassets */; };
		782C78C61B5EC99B0081024C /* LaunchScreen.xib in Resources */ = {isa = PBXBuildFile; fileRef = 782C78C41B5EC99B0081024C /* LaunchScreen.xib */; };
		782C78D21B5EC99B0081024C /* FingerprintScannerTests.swift in Sources */ = {isa = PBXBuildFile; fileRef = 782C78D11B5EC99B0081024C /* FingerprintScannerTests.swift */; };
/* End PBXBuildFile section */

/* Begin PBXContainerItemProxy section */
		782C78CC1B5EC99B0081024C /* PBXContainerItemProxy */ = {
			isa = PBXContainerItemProxy;
			containerPortal = 782C78AE1B5EC99B0081024C /* Project object */;
			proxyType = 1;
			remoteGlobalIDString = 782C78B51B5EC99B0081024C;
			remoteInfo = FingerprintScanner;
		};
/* End PBXContainerItemProxy section */

/* Begin PBXFileReference section */
		782C78B61B5EC99B0081024C /* FingerprintScanner.app */ = {isa = PBXFileReference; explicitFileType = wrapper.application; includeInIndex = 0; path = FingerprintScanner.app; sourceTree = BUILT_PRODUCTS_DIR; };
		782C78BA1B5EC99B0081024C /* Info.plist */ = {isa = PBXFileReference; lastKnownFileType = text.plist.xml; path = Info.plist; sourceTree = "<group>"; };
		782C78BB1B5EC99B0081024C /* AppDelegate.swift */ = {isa = PBXFileReference; lastKnownFileType = sourcecode.swift; path = AppDelegate.swift; sourceTree = "<group>"; };
		782C78BD1B5EC99B0081024C /* ViewController.swift */ = {isa = PBXFileReference; lastKnownFileType = sourcecode.swift; path = ViewController.swift; sourceTree = "<group>"; };
		782C78C01B5EC99B0081024C /* Base */ = {isa = PBXFileReference; lastKnownFileType = file.storyboard; name = Base; path = Base.lproj/Main.storyboard; sourceTree = "<group>"; };
		782C78C21B5EC99B0081024C /* Images.xcassets */ = {isa = PBXFileReference; lastKnownFileType = folder.assetcatalog; path = Images.xcassets; sourceTree = "<group>"; };
		782C78C51B5EC99B0081024C /* Base */ = {isa = PBXFileReference; lastKnownFileType = file.xib; name = Base; path = Base.lproj/LaunchScreen.xib; sourceTree = "<group>"; };
		782C78CB1B5EC99B0081024C /* FingerprintScannerTests.xctest */ = {isa = PBXFileReference; explicitFileType = wrapper.cfbundle; includeInIndex = 0; path = FingerprintScannerTests.xctest; sourceTree = BUILT_PRODUCTS_DIR; };
		782C78D01B5EC99B0081024C /* Info.plist */ = {isa = PBXFileReference; lastKnownFileType = text.plist.xml; path = Info.plist; sourceTree = "<group>"; };
		782C78D11B5EC99B0081024C /* FingerprintScannerTests.swift */ = {isa = PBXFileReference; lastKnownFileType = sourcecode.swift; path = FingerprintScannerTests.swift; sourceTree = "<group>"; };
/* End PBXFileReference section */

/* Begin PBXFrameworksBuildPhase section */
		782C78B31B5EC99B0081024C /* Frameworks */ = {
			isa = PBXFrameworksBuildPhase;
			buildActionMask = 2147483647;
			files = (
			);
			runOnlyForDeploymentPostprocessing = 0;
		};
		782C78C81B5EC99B0081024C /* Frameworks */ = {
			isa = PBXFrameworksBuildPhase;
			buildActionMask = 2147483647;
			files = (
			);
			runOnlyForDeploymentPostprocessing = 0;
		};
/* End PBXFrameworksBuildPhase section */

/* Begin PBXGroup section */
		782C78AD1B5EC99B0081024C = {
			isa = PBXGroup;
			children = (
				782C78B81B5EC99B0081024C /* FingerprintScanner */,
				782C78CE1B5EC99B0081024C /* FingerprintScannerTests */,
				782C78B71B5EC99B0081024C /* Products */,
			);
			sourceTree = "<group>";
		};
		782C78B71B5EC99B0081024C /* Products */ = {
			isa = PBXGroup;
			children = (
				782C78B61B5EC99B0081024C /* FingerprintScanner.app */,
				782C78CB1B5EC99B0081024C /* FingerprintScannerTests.xctest */,
			);
			name = Products;
			sourceTree = "<group>";
		};
		782C78B81B5EC99B0081024C /* FingerprintScanner */ = {
			isa = PBXGroup;
			children = (
				782C78BB1B5EC99B0081024C /* AppDelegate.swift */,
				782C78BD1B5EC99B0081024C /* ViewController.swift */,
				782C78BF1B5EC99B0081024C /* Main.storyboard */,
				782C78C21B5EC99B0081024C /* Images.xcassets */,
				782C78C41B5EC99B0081024C /* LaunchScreen.xib */,
				782C78B91B5EC99B0081024C /* Supporting Files */,
			);
			path = FingerprintScanner;
			sourceTree = "<group>";
		};
		782C78B91B5EC99B0081024C /* Supporting Files */ = {
			isa = PBXGroup;
			children = (
				782C78BA1B5EC99B0081024C /* Info.plist */,
			);
			name = "Supporting Files";
			sourceTree = "<group>";
		};
		782C78CE1B5EC99B0081024C /* FingerprintScannerTests */ = {
			isa = PBXGroup;
			children = (
				782C78D11B5EC99B0081024C /* FingerprintScannerTests.swift */,
				782C78CF1B5EC99B0081024C /* Supporting Files */,
			);
			path = FingerprintScannerTests;
			sourceTree = "<group>";
		};
		782C78CF1B5EC99B0081024C /* Supporting Files */ = {
			isa = PBXGroup;
			children = (
				782C78D01B5EC99B0081024C /* Info.plist */,
			);
			name = "Supporting Files";
			sourceTree = "<group>";
		};
/* End PBXGroup section */

/* Begin PBXNativeTarget section */
		782C78B51B5EC99B0081024C /* FingerprintScanner */ = {
			isa = PBXNativeTarget;
			buildConfigurationList = 782C78D51B5EC99B0081024C /* Build configuration list for PBXNativeTarget "FingerprintScanner" */;
			buildPhases = (
				782C78B21B5EC99B0081024C /* Sources */,
				782C78B31B5EC99B0081024C /* Frameworks */,
				782C78B41B5EC99B0081024C /* Resources */,
			);
			buildRules = (
			);
			dependencies = (
			);
			name = FingerprintScanner;
			productName = FingerprintScanner;
			productReference = 782C78B61B5EC99B0081024C /* FingerprintScanner.app */;
			productType = "com.apple.product-type.application";
		};
		782C78CA1B5EC99B0081024C /* FingerprintScannerTests */ = {
			isa = PBXNativeTarget;
			buildConfigurationList = 782C78D81B5EC99B0081024C /* Build configuration list for PBXNativeTarget "FingerprintScannerTests" */;
			buildPhases = (
				782C78C71B5EC99B0081024C /* Sources */,
				782C78C81B5EC99B0081024C /* Frameworks */,
				782C78C91B5EC99B0081024C /* Resources */,
			);
			buildRules = (
			);
			dependencies = (
				782C78CD1B5EC99B0081024C /* PBXTargetDependency */,
			);
			name = FingerprintScannerTests;
			productName = FingerprintScannerTests;
			productReference = 782C78CB1B5EC99B0081024C /* FingerprintScannerTests.xctest */;
			productType = "com.apple.product-type.bundle.unit-test";
		};
/* End PBXNativeTarget section */

/* Begin PBXProject section */
		782C78AE1B5EC99B0081024C /* Project object */ = {
			isa = PBXProject;
			attributes = {
				LastUpgradeCheck = 0640;
				ORGANIZATIONNAME = "Isaac Overacker";
				TargetAttributes = {
					782C78B51B5EC99B0081024C = {
						CreatedOnToolsVersion = 6.4;
					};
					782C78CA1B5EC99B0081024C = {
						CreatedOnToolsVersion = 6.4;
						TestTargetID = 782C78B51B5EC99B0081024C;
					};
				};
			};
			buildConfigurationList = 782C78B11B5EC99B0081024C /* Build configuration list for PBXProject "FingerprintScanner" */;
			compatibilityVersion = "Xcode 3.2";
			developmentRegion = English;
			hasScannedForEncodings = 0;
			knownRegions = (
				en,
				Base,
			);
			mainGroup = 782C78AD1B5EC99B0081024C;
			productRefGroup = 782C78B71B5EC99B0081024C /* Products */;
			projectDirPath = "";
			projectRoot = "";
			targets = (
				782C78B51B5EC99B0081024C /* FingerprintScanner */,
				782C78CA1B5EC99B0081024C /* FingerprintScannerTests */,
			);
		};
/* End PBXProject section */

/* Begin PBXResourcesBuildPhase section */
		782C78B41B5EC99B0081024C /* Resources */ = {
			isa = PBXResourcesBuildPhase;
			buildActionMask = 2147483647;
			files = (
				782C78C11B5EC99B0081024C /* Main.storyboard in Resources */,
				782C78C61B5EC99B0081024C /* LaunchScreen.xib in Resources */,
				782C78C31B5EC99B0081024C /* Images.xcassets in Resources */,
			);
			runOnlyForDeploymentPostprocessing = 0;
		};
		782C78C91B5EC99B0081024C /* Resources */ = {
			isa = PBXResourcesBuildPhase;
			buildActionMask = 2147483647;
			files = (
			);
			runOnlyForDeploymentPostprocessing = 0;
		};
/* End PBXResourcesBuildPhase section */

/* Begin PBXSourcesBuildPhase section */
		782C78B21B5EC99B0081024C /* Sources */ = {
			isa = PBXSourcesBuildPhase;
			buildActionMask = 2147483647;
			files = (
				782C78BE1B5EC99B0081024C /* ViewController.swift in Sources */,
				782C78BC1B5EC99B0081024C /* AppDelegate.swift in Sources */,
			);
			runOnlyForDeploymentPostprocessing = 0;
		};
		782C78C71B5EC99B0081024C /* Sources */ = {
			isa = PBXSourcesBuildPhase;
			buildActionMask = 2147483647;
			files = (
				782C78D21B5EC99B0081024C /* FingerprintScannerTests.swift in Sources */,
			);
			runOnlyForDeploymentPostprocessing = 0;
		};
/* End PBXSourcesBuildPhase section */

/* Begin PBXTargetDependency section */
		782C78CD1B5EC99B0081024C /* PBXTargetDependency */ = {
			isa = PBXTargetDependency;
			target = 782C78B51B5EC99B0081024C /* FingerprintScanner */;
			targetProxy = 782C78CC1B5EC99B0081024C /* PBXContainerItemProxy */;
		};
/* End PBXTargetDependency section */

/* Begin PBXVariantGroup section */
		782C78BF1B5EC99B0081024C /* Main.storyboard */ = {
			isa = PBXVariantGroup;
			children = (
				782C78C01B5EC99B0081024C /* Base */,
			);
			name = Main.storyboard;
			sourceTree = "<group>";
		};
		782C78C41B5EC99B0081024C /* LaunchScreen.xib */ = {
			isa = PBXVariantGroup;
			children = (
				782C78C51B5EC99B0081024C /* Base */,
			);
			name = LaunchScreen.xib;
			sourceTree = "<group>";
		};
/* End PBXVariantGroup section */

/* Begin XCBuildConfiguration section */
		782C78D31B5EC99B0081024C /* Debug */ = {
			isa = XCBuildConfiguration;
			buildSettings = {
				ALWAYS_SEARCH_USER_PATHS = NO;
				CLANG_CXX_LANGUAGE_STANDARD = "gnu++0x";
				CLANG_CXX_LIBRARY = "libc++";
				CLANG_ENABLE_MODULES = YES;
				CLANG_ENABLE_OBJC_ARC = YES;
				CLANG_WARN_BOOL_CONVERSION = YES;
				CLANG_WARN_CONSTANT_CONVERSION = YES;
				CLANG_WARN_DIRECT_OBJC_ISA_USAGE = YES_ERROR;
				CLANG_WARN_EMPTY_BODY = YES;
				CLANG_WARN_ENUM_CONVERSION = YES;
				CLANG_WARN_INT_CONVERSION = YES;
				CLANG_WARN_OBJC_ROOT_CLASS = YES_ERROR;
				CLANG_WARN_UNREACHABLE_CODE = YES;
				CLANG_WARN__DUPLICATE_METHOD_MATCH = YES;
				"CODE_SIGN_IDENTITY[sdk=iphoneos*]" = "iPhone Developer";
				COPY_PHASE_STRIP = NO;
				DEBUG_INFORMATION_FORMAT = "dwarf-with-dsym";
				ENABLE_STRICT_OBJC_MSGSEND = YES;
				GCC_C_LANGUAGE_STANDARD = gnu99;
				GCC_DYNAMIC_NO_PIC = NO;
				GCC_NO_COMMON_BLOCKS = YES;
				GCC_OPTIMIZATION_LEVEL = 0;
				GCC_PREPROCESSOR_DEFINITIONS = (
					"DEBUG=1",
					"$(inherited)",
				);
				GCC_SYMBOLS_PRIVATE_EXTERN = NO;
				GCC_WARN_64_TO_32_BIT_CONVERSION = YES;
				GCC_WARN_ABOUT_RETURN_TYPE = YES_ERROR;
				GCC_WARN_UNDECLARED_SELECTOR = YES;
				GCC_WARN_UNINITIALIZED_AUTOS = YES_AGGRESSIVE;
				GCC_WARN_UNUSED_FUNCTION = YES;
				GCC_WARN_UNUSED_VARIABLE = YES;
				IPHONEOS_DEPLOYMENT_TARGET = 8.4;
				MTL_ENABLE_DEBUG_INFO = YES;
				ONLY_ACTIVE_ARCH = YES;
				SDKROOT = iphoneos;
				SWIFT_OPTIMIZATION_LEVEL = "-Onone";
			};
			name = Debug;
		};
		782C78D41B5EC99B0081024C /* Release */ = {
			isa = XCBuildConfiguration;
			buildSettings = {
				ALWAYS_SEARCH_USER_PATHS = NO;
				CLANG_CXX_LANGUAGE_STANDARD = "gnu++0x";
				CLANG_CXX_LIBRARY = "libc++";
				CLANG_ENABLE_MODULES = YES;
				CLANG_ENABLE_OBJC_ARC = YES;
				CLANG_WARN_BOOL_CONVERSION = YES;
				CLANG_WARN_CONSTANT_CONVERSION = YES;
				CLANG_WARN_DIRECT_OBJC_ISA_USAGE = YES_ERROR;
				CLANG_WARN_EMPTY_BODY = YES;
				CLANG_WARN_ENUM_CONVERSION = YES;
				CLANG_WARN_INT_CONVERSION = YES;
				CLANG_WARN_OBJC_ROOT_CLASS = YES_ERROR;
				CLANG_WARN_UNREACHABLE_CODE = YES;
				CLANG_WARN__DUPLICATE_METHOD_MATCH = YES;
				"CODE_SIGN_IDENTITY[sdk=iphoneos*]" = "iPhone Developer";
				COPY_PHASE_STRIP = NO;
				DEBUG_INFORMATION_FORMAT = "dwarf-with-dsym";
				ENABLE_NS_ASSERTIONS = NO;
				ENABLE_STRICT_OBJC_MSGSEND = YES;
				GCC_C_LANGUAGE_STANDARD = gnu99;
				GCC_NO_COMMON_BLOCKS = YES;
				GCC_WARN_64_TO_32_BIT_CONVERSION = YES;
				GCC_WARN_ABOUT_RETURN_TYPE = YES_ERROR;
				GCC_WARN_UNDECLARED_SELECTOR = YES;
				GCC_WARN_UNINITIALIZED_AUTOS = YES_AGGRESSIVE;
				GCC_WARN_UNUSED_FUNCTION = YES;
				GCC_WARN_UNUSED_VARIABLE = YES;
				IPHONEOS_DEPLOYMENT_TARGET = 8.4;
				MTL_ENABLE_DEBUG_INFO = NO;
				SDKROOT = iphoneos;
				VALIDATE_PRODUCT = YES;
			};
			name = Release;
		};
		782C78D61B5EC99B0081024C /* Debug */ = {
			isa = XCBuildConfiguration;
			buildSettings = {
				ASSETCATALOG_COMPILER_APPICON_NAME = AppIcon;
				INFOPLIST_FILE = FingerprintScanner/Info.plist;
				LD_RUNPATH_SEARCH_PATHS = "$(inherited) @executable_path/Frameworks";
				PRODUCT_NAME = "$(TARGET_NAME)";
			};
			name = Debug;
		};
		782C78D71B5EC99B0081024C /* Release */ = {
			isa = XCBuildConfiguration;
			buildSettings = {
				ASSETCATALOG_COMPILER_APPICON_NAME = AppIcon;
				INFOPLIST_FILE = FingerprintScanner/Info.plist;
				LD_RUNPATH_SEARCH_PATHS = "$(inherited) @executable_path/Frameworks";
				PRODUCT_NAME = "$(TARGET_NAME)";
			};
			name = Release;
		};
		782C78D91B5EC99B0081024C /* Debug */ = {
			isa = XCBuildConfiguration;
			buildSettings = {
				BUNDLE_LOADER = "$(TEST_HOST)";
				FRAMEWORK_SEARCH_PATHS = (
					"$(SDKROOT)/Developer/Library/Frameworks",
					"$(inherited)",
				);
				GCC_PREPROCESSOR_DEFINITIONS = (
					"DEBUG=1",
					"$(inherited)",
				);
				INFOPLIST_FILE = FingerprintScannerTests/Info.plist;
				LD_RUNPATH_SEARCH_PATHS = "$(inherited) @executable_path/Frameworks @loader_path/Frameworks";
				PRODUCT_NAME = "$(TARGET_NAME)";
				TEST_HOST = "$(BUILT_PRODUCTS_DIR)/FingerprintScanner.app/FingerprintScanner";
			};
			name = Debug;
		};
		782C78DA1B5EC99B0081024C /* Release */ = {
			isa = XCBuildConfiguration;
			buildSettings = {
				BUNDLE_LOADER = "$(TEST_HOST)";
				FRAMEWORK_SEARCH_PATHS = (
					"$(SDKROOT)/Developer/Library/Frameworks",
					"$(inherited)",
				);
				INFOPLIST_FILE = FingerprintScannerTests/Info.plist;
				LD_RUNPATH_SEARCH_PATHS = "$(inherited) @executable_path/Frameworks @loader_path/Frameworks";
				PRODUCT_NAME = "$(TARGET_NAME)";
				TEST_HOST = "$(BUILT_PRODUCTS_DIR)/FingerprintScanner.app/FingerprintScanner";
			};
			name = Release;
		};
/* End XCBuildConfiguration section */

/* Begin XCConfigurationList section */
		782C78B11B5EC99B0081024C /* Build configuration list for PBXProject "FingerprintScanner" */ = {
			isa = XCConfigurationList;
			buildConfigurations = (
				782C78D31B5EC99B0081024C /* Debug */,
				782C78D41B5EC99B0081024C /* Release */,
			);
			defaultConfigurationIsVisible = 0;
			defaultConfigurationName = Release;
		};
		782C78D51B5EC99B0081024C /* Build configuration list for PBXNativeTarget "FingerprintScanner" */ = {
			isa = XCConfigurationList;
			buildConfigurations = (
				782C78D61B5EC99B0081024C /* Debug */,
				782C78D71B5EC99B0081024C /* Release */,
			);
			defaultConfigurationIsVisible = 0;
		};
		782C78D81B5EC99B0081024C /* Build configuration list for PBXNativeTarget "FingerprintScannerTests" */ = {
			isa = XCConfigurationList;
			buildConfigurations = (
				782C78D91B5EC99B0081024C /* Debug */,
				782C78DA1B5EC99B0081024C /* Release */,
			);
			defaultConfigurationIsVisible = 0;
		};
/* End XCConfigurationList section */
	};
	rootObject = 782C78AE1B5EC99B0081024C /* Project object */;
}
